{
  "name": "marc.js",
  "version": "0.1.0",
  "lockfileVersion": 1,
  "requires": true,
  "dependencies": {
    "@std/esm": {
      "version": "0.19.7",
      "resolved": "https://registry.npmjs.org/@std/esm/-/esm-0.19.7.tgz",
      "integrity": "sha512-bPBbpu1vqgOOD70aMVG5tgioPdttKXQQFq6xodjZxVbPprtZIcm8NcTEJoB+/1QoH8z1TIqjaEN1Wm3YndnfNQ=="
    }
  }
}
